// !$*UTF8*$!
{
	archiveVersion = 1;
	classes = {
	};
	objectVersion = 46;
	objects = {

/* Begin PBXBuildFile section */
		6E0D36561CACF76400B875B2 /* main.m in Sources */ = {isa = PBXBuildFile; fileRef = 6E0D36551CACF76400B875B2 /* main.m */; };
		6E0D36591CACF76400B875B2 /* AppDelegate.m in Sources */ = {isa = PBXBuildFile; fileRef = 6E0D36581CACF76400B875B2 /* AppDelegate.m */; };
		6E0D365C1CACF76400B875B2 /* ViewController.m in Sources */ = {isa = PBXBuildFile; fileRef = 6E0D365B1CACF76400B875B2 /* ViewController.m */; };
		6E0D365F1CACF76400B875B2 /* Main.storyboard in Resources */ = {isa = PBXBuildFile; fileRef = 6E0D365D1CACF76400B875B2 /* Main.storyboard */; };
		6E0D36611CACF76400B875B2 /* Assets.xcassets in Resources */ = {isa = PBXBuildFile; fileRef = 6E0D36601CACF76400B875B2 /* Assets.xcassets */; };
		6E0D36641CACF76400B875B2 /* LaunchScreen.storyboard in Resources */ = {isa = PBXBuildFile; fileRef = 6E0D36621CACF76400B875B2 /* LaunchScreen.storyboard */; };
		6E0D366F1CACF76400B875B2 /* CBGeneralRefreshViewTests.m in Sources */ = {isa = PBXBuildFile; fileRef = 6E0D366E1CACF76400B875B2 /* CBGeneralRefreshViewTests.m */; };
		6E0D367A1CACF76400B875B2 /* CBGeneralRefreshViewUITests.m in Sources */ = {isa = PBXBuildFile; fileRef = 6E0D36791CACF76400B875B2 /* CBGeneralRefreshViewUITests.m */; };
		6E0D368D1CACF92200B875B2 /* FirstViewController.m in Sources */ = {isa = PBXBuildFile; fileRef = 6E0D368C1CACF92200B875B2 /* FirstViewController.m */; };
		6E66FD261CBA8A4700AB6785 /* CBRefreshHeaderView.m in Sources */ = {isa = PBXBuildFile; fileRef = 6E66FD231CBA8A4700AB6785 /* CBRefreshHeaderView.m */; };
		6E66FD271CBA8A4700AB6785 /* UIScrollView+HeaderRefresh.m in Sources */ = {isa = PBXBuildFile; fileRef = 6E66FD251CBA8A4700AB6785 /* UIScrollView+HeaderRefresh.m */; };
		6EB59E5E1CBDF78B00B8B0D2 /* UIScrollView+FooterRefresh.m in Sources */ = {isa = PBXBuildFile; fileRef = 6EB59E5D1CBDF78B00B8B0D2 /* UIScrollView+FooterRefresh.m */; };
		6EB59E611CBDF82C00B8B0D2 /* CBRefreshFooterView.m in Sources */ = {isa = PBXBuildFile; fileRef = 6EB59E601CBDF82C00B8B0D2 /* CBRefreshFooterView.m */; };
/* End PBXBuildFile section */

/* Begin PBXContainerItemProxy section */
		6E0D366B1CACF76400B875B2 /* PBXContainerItemProxy */ = {
			isa = PBXContainerItemProxy;
			containerPortal = 6E0D36491CACF76400B875B2 /* Project object */;
			proxyType = 1;
			remoteGlobalIDString = 6E0D36501CACF76400B875B2;
			remoteInfo = CBGeneralRefreshView;
		};
		6E0D36761CACF76400B875B2 /* PBXContainerItemProxy */ = {
			isa = PBXContainerItemProxy;
			containerPortal = 6E0D36491CACF76400B875B2 /* Project object */;
			proxyType = 1;
			remoteGlobalIDString = 6E0D36501CACF76400B875B2;
			remoteInfo = CBGeneralRefreshView;
		};
/* End PBXContainerItemProxy section */

/* Begin PBXFileReference section */
		6E0D36511CACF76400B875B2 /* CBGeneralRefreshView.app */ = {isa = PBXFileReference; explicitFileType = wrapper.application; includeInIndex = 0; path = CBGeneralRefreshView.app; sourceTree = BUILT_PRODUCTS_DIR; };
		6E0D36551CACF76400B875B2 /* main.m */ = {isa = PBXFileReference; lastKnownFileType = sourcecode.c.objc; path = main.m; sourceTree = "<group>"; };
		6E0D36571CACF76400B875B2 /* AppDelegate.h */ = {isa = PBXFileReference; lastKnownFileType = sourcecode.c.h; path = AppDelegate.h; sourceTree = "<group>"; };
		6E0D36581CACF76400B875B2 /* AppDelegate.m */ = {isa = PBXFileReference; lastKnownFileType = sourcecode.c.objc; path = AppDelegate.m; sourceTree = "<group>"; };
		6E0D365A1CACF76400B875B2 /* ViewController.h */ = {isa = PBXFileReference; lastKnownFileType = sourcecode.c.h; path = ViewController.h; sourceTree = "<group>"; };
		6E0D365B1CACF76400B875B2 /* ViewController.m */ = {isa = PBXFileReference; lastKnownFileType = sourcecode.c.objc; path = ViewController.m; sourceTree = "<group>"; };
		6E0D365E1CACF76400B875B2 /* Base */ = {isa = PBXFileReference; lastKnownFileType = file.storyboard; name = Base; path = Base.lproj/Main.storyboard; sourceTree = "<group>"; };
		6E0D36601CACF76400B875B2 /* Assets.xcassets */ = {isa = PBXFileReference; lastKnownFileType = folder.assetcatalog; path = Assets.xcassets; sourceTree = "<group>"; };
		6E0D36631CACF76400B875B2 /* Base */ = {isa = PBXFileReference; lastKnownFileType = file.storyboard; name = Base; path = Base.lproj/LaunchScreen.storyboard; sourceTree = "<group>"; };
		6E0D36651CACF76400B875B2 /* Info.plist */ = {isa = PBXFileReference; lastKnownFileType = text.plist.xml; path = Info.plist; sourceTree = "<group>"; };
		6E0D366A1CACF76400B875B2 /* CBGeneralRefreshViewTests.xctest */ = {isa = PBXFileReference; explicitFileType = wrapper.cfbundle; includeInIndex = 0; path = CBGeneralRefreshViewTests.xctest; sourceTree = BUILT_PRODUCTS_DIR; };
		6E0D366E1CACF76400B875B2 /* CBGeneralRefreshViewTests.m */ = {isa = PBXFileReference; lastKnownFileType = sourcecode.c.objc; path = CBGeneralRefreshViewTests.m; sourceTree = "<group>"; };
		6E0D36701CACF76400B875B2 /* Info.plist */ = {isa = PBXFileReference; lastKnownFileType = text.plist.xml; path = Info.plist; sourceTree = "<group>"; };
		6E0D36751CACF76400B875B2 /* CBGeneralRefreshViewUITests.xctest */ = {isa = PBXFileReference; explicitFileType = wrapper.cfbundle; includeInIndex = 0; path = CBGeneralRefreshViewUITests.xctest; sourceTree = BUILT_PRODUCTS_DIR; };
		6E0D36791CACF76400B875B2 /* CBGeneralRefreshViewUITests.m */ = {isa = PBXFileReference; lastKnownFileType = sourcecode.c.objc; path = CBGeneralRefreshViewUITests.m; sourceTree = "<group>"; };
		6E0D367B1CACF76400B875B2 /* Info.plist */ = {isa = PBXFileReference; lastKnownFileType = text.plist.xml; path = Info.plist; sourceTree = "<group>"; };
		6E0D368B1CACF92200B875B2 /* FirstViewController.h */ = {isa = PBXFileReference; fileEncoding = 4; lastKnownFileType = sourcecode.c.h; path = FirstViewController.h; sourceTree = "<group>"; };
		6E0D368C1CACF92200B875B2 /* FirstViewController.m */ = {isa = PBXFileReference; fileEncoding = 4; lastKnownFileType = sourcecode.c.objc; path = FirstViewController.m; sourceTree = "<group>"; };
		6E66FD221CBA8A4700AB6785 /* CBRefreshHeaderView.h */ = {isa = PBXFileReference; fileEncoding = 4; lastKnownFileType = sourcecode.c.h; path = CBRefreshHeaderView.h; sourceTree = "<group>"; };
		6E66FD231CBA8A4700AB6785 /* CBRefreshHeaderView.m */ = {isa = PBXFileReference; fileEncoding = 4; lastKnownFileType = sourcecode.c.objc; path = CBRefreshHeaderView.m; sourceTree = "<group>"; };
		6E66FD241CBA8A4700AB6785 /* UIScrollView+HeaderRefresh.h */ = {isa = PBXFileReference; fileEncoding = 4; lastKnownFileType = sourcecode.c.h; path = "UIScrollView+HeaderRefresh.h"; sourceTree = "<group>"; };
		6E66FD251CBA8A4700AB6785 /* UIScrollView+HeaderRefresh.m */ = {isa = PBXFileReference; fileEncoding = 4; lastKnownFileType = sourcecode.c.objc; path = "UIScrollView+HeaderRefresh.m"; sourceTree = "<group>"; };
		6EB59E5B1CBCCB3000B8B0D2 /* CBRefreshSizeDefine.h */ = {isa = PBXFileReference; lastKnownFileType = sourcecode.c.h; path = CBRefreshSizeDefine.h; sourceTree = "<group>"; };
		6EB59E5C1CBDF78B00B8B0D2 /* UIScrollView+FooterRefresh.h */ = {isa = PBXFileReference; fileEncoding = 4; lastKnownFileType = sourcecode.c.h; path = "UIScrollView+FooterRefresh.h"; sourceTree = "<group>"; };
		6EB59E5D1CBDF78B00B8B0D2 /* UIScrollView+FooterRefresh.m */ = {isa = PBXFileReference; fileEncoding = 4; lastKnownFileType = sourcecode.c.objc; path = "UIScrollView+FooterRefresh.m"; sourceTree = "<group>"; };
		6EB59E5F1CBDF82C00B8B0D2 /* CBRefreshFooterView.h */ = {isa = PBXFileReference; fileEncoding = 4; lastKnownFileType = sourcecode.c.h; path = CBRefreshFooterView.h; sourceTree = "<group>"; };
		6EB59E601CBDF82C00B8B0D2 /* CBRefreshFooterView.m */ = {isa = PBXFileReference; fileEncoding = 4; lastKnownFileType = sourcecode.c.objc; path = CBRefreshFooterView.m; sourceTree = "<group>"; };
/* End PBXFileReference section */

/* Begin PBXFrameworksBuildPhase section */
		6E0D364E1CACF76400B875B2 /* Frameworks */ = {
			isa = PBXFrameworksBuildPhase;
			buildActionMask = 2147483647;
			files = (
			);
			runOnlyForDeploymentPostprocessing = 0;
		};
		6E0D36671CACF76400B875B2 /* Frameworks */ = {
			isa = PBXFrameworksBuildPhase;
			buildActionMask = 2147483647;
			files = (
			);
			runOnlyForDeploymentPostprocessing = 0;
		};
		6E0D36721CACF76400B875B2 /* Frameworks */ = {
			isa = PBXFrameworksBuildPhase;
			buildActionMask = 2147483647;
			files = (
			);
			runOnlyForDeploymentPostprocessing = 0;
		};
/* End PBXFrameworksBuildPhase section */

/* Begin PBXGroup section */
		6E0D36481CACF76400B875B2 = {
			isa = PBXGroup;
			children = (
				6E0D36531CACF76400B875B2 /* CBGeneralRefreshView */,
				6E0D366D1CACF76400B875B2 /* CBGeneralRefreshViewTests */,
				6E0D36781CACF76400B875B2 /* CBGeneralRefreshViewUITests */,
				6E0D36521CACF76400B875B2 /* Products */,
			);
			sourceTree = "<group>";
		};
		6E0D36521CACF76400B875B2 /* Products */ = {
			isa = PBXGroup;
			children = (
				6E0D36511CACF76400B875B2 /* CBGeneralRefreshView.app */,
				6E0D366A1CACF76400B875B2 /* CBGeneralRefreshViewTests.xctest */,
				6E0D36751CACF76400B875B2 /* CBGeneralRefreshViewUITests.xctest */,
			);
			name = Products;
			sourceTree = "<group>";
		};
		6E0D36531CACF76400B875B2 /* CBGeneralRefreshView */ = {
			isa = PBXGroup;
			children = (
				6E0D36571CACF76400B875B2 /* AppDelegate.h */,
				6E0D36581CACF76400B875B2 /* AppDelegate.m */,
				6E0D365A1CACF76400B875B2 /* ViewController.h */,
				6E0D365B1CACF76400B875B2 /* ViewController.m */,
				6E66FD191CBA882200AB6785 /* CBRefresh */,
				6E0D365D1CACF76400B875B2 /* Main.storyboard */,
				6E0D368B1CACF92200B875B2 /* FirstViewController.h */,
				6E0D368C1CACF92200B875B2 /* FirstViewController.m */,
				6E0D36601CACF76400B875B2 /* Assets.xcassets */,
				6E0D36621CACF76400B875B2 /* LaunchScreen.storyboard */,
				6E0D36651CACF76400B875B2 /* Info.plist */,
				6E0D36541CACF76400B875B2 /* Supporting Files */,
			);
			path = CBGeneralRefreshView;
			sourceTree = "<group>";
		};
		6E0D36541CACF76400B875B2 /* Supporting Files */ = {
			isa = PBXGroup;
			children = (
				6E0D36551CACF76400B875B2 /* main.m */,
			);
			name = "Supporting Files";
			sourceTree = "<group>";
		};
		6E0D366D1CACF76400B875B2 /* CBGeneralRefreshViewTests */ = {
			isa = PBXGroup;
			children = (
				6E0D366E1CACF76400B875B2 /* CBGeneralRefreshViewTests.m */,
				6E0D36701CACF76400B875B2 /* Info.plist */,
			);
			path = CBGeneralRefreshViewTests;
			sourceTree = "<group>";
		};
		6E0D36781CACF76400B875B2 /* CBGeneralRefreshViewUITests */ = {
			isa = PBXGroup;
			children = (
				6E0D36791CACF76400B875B2 /* CBGeneralRefreshViewUITests.m */,
				6E0D367B1CACF76400B875B2 /* Info.plist */,
			);
			path = CBGeneralRefreshViewUITests;
			sourceTree = "<group>";
		};
		6E66FD191CBA882200AB6785 /* CBRefresh */ = {
			isa = PBXGroup;
			children = (
				6E66FD221CBA8A4700AB6785 /* CBRefreshHeaderView.h */,
				6E66FD231CBA8A4700AB6785 /* CBRefreshHeaderView.m */,
				6EB59E5F1CBDF82C00B8B0D2 /* CBRefreshFooterView.h */,
				6EB59E601CBDF82C00B8B0D2 /* CBRefreshFooterView.m */,
				6E66FD241CBA8A4700AB6785 /* UIScrollView+HeaderRefresh.h */,
				6E66FD251CBA8A4700AB6785 /* UIScrollView+HeaderRefresh.m */,
				6EB59E5C1CBDF78B00B8B0D2 /* UIScrollView+FooterRefresh.h */,
				6EB59E5D1CBDF78B00B8B0D2 /* UIScrollView+FooterRefresh.m */,
				6EB59E5B1CBCCB3000B8B0D2 /* CBRefreshSizeDefine.h */,
			);
			path = CBRefresh;
			sourceTree = "<group>";
		};
/* End PBXGroup section */

/* Begin PBXNativeTarget section */
		6E0D36501CACF76400B875B2 /* CBGeneralRefreshView */ = {
			isa = PBXNativeTarget;
			buildConfigurationList = 6E0D367E1CACF76400B875B2 /* Build configuration list for PBXNativeTarget "CBGeneralRefreshView" */;
			buildPhases = (
				6E0D364D1CACF76400B875B2 /* Sources */,
				6E0D364E1CACF76400B875B2 /* Frameworks */,
				6E0D364F1CACF76400B875B2 /* Resources */,
			);
			buildRules = (
			);
			dependencies = (
			);
			name = CBGeneralRefreshView;
			productName = CBGeneralRefreshView;
			productReference = 6E0D36511CACF76400B875B2 /* CBGeneralRefreshView.app */;
			productType = "com.apple.product-type.application";
		};
		6E0D36691CACF76400B875B2 /* CBGeneralRefreshViewTests */ = {
			isa = PBXNativeTarget;
			buildConfigurationList = 6E0D36811CACF76400B875B2 /* Build configuration list for PBXNativeTarget "CBGeneralRefreshViewTests" */;
			buildPhases = (
				6E0D36661CACF76400B875B2 /* Sources */,
				6E0D36671CACF76400B875B2 /* Frameworks */,
				6E0D36681CACF76400B875B2 /* Resources */,
			);
			buildRules = (
			);
			dependencies = (
				6E0D366C1CACF76400B875B2 /* PBXTargetDependency */,
			);
			name = CBGeneralRefreshViewTests;
			productName = CBGeneralRefreshViewTests;
			productReference = 6E0D366A1CACF76400B875B2 /* CBGeneralRefreshViewTests.xctest */;
			productType = "com.apple.product-type.bundle.unit-test";
		};
		6E0D36741CACF76400B875B2 /* CBGeneralRefreshViewUITests */ = {
			isa = PBXNativeTarget;
			buildConfigurationList = 6E0D36841CACF76400B875B2 /* Build configuration list for PBXNativeTarget "CBGeneralRefreshViewUITests" */;
			buildPhases = (
				6E0D36711CACF76400B875B2 /* Sources */,
				6E0D36721CACF76400B875B2 /* Frameworks */,
				6E0D36731CACF76400B875B2 /* Resources */,
			);
			buildRules = (
			);
			dependencies = (
				6E0D36771CACF76400B875B2 /* PBXTargetDependency */,
			);
			name = CBGeneralRefreshViewUITests;
			productName = CBGeneralRefreshViewUITests;
			productReference = 6E0D36751CACF76400B875B2 /* CBGeneralRefreshViewUITests.xctest */;
			productType = "com.apple.product-type.bundle.ui-testing";
		};
/* End PBXNativeTarget section */

/* Begin PBXProject section */
		6E0D36491CACF76400B875B2 /* Project object */ = {
			isa = PBXProject;
			attributes = {
				LastUpgradeCheck = 0710;
				ORGANIZATIONNAME = chebao;
				TargetAttributes = {
					6E0D36501CACF76400B875B2 = {
						CreatedOnToolsVersion = 7.1;
						DevelopmentTeam = 8N78EHQ976;
					};
					6E0D36691CACF76400B875B2 = {
						CreatedOnToolsVersion = 7.1;
						TestTargetID = 6E0D36501CACF76400B875B2;
					};
					6E0D36741CACF76400B875B2 = {
						CreatedOnToolsVersion = 7.1;
						TestTargetID = 6E0D36501CACF76400B875B2;
					};
				};
			};
			buildConfigurationList = 6E0D364C1CACF76400B875B2 /* Build configuration list for PBXProject "CBGeneralRefreshView" */;
			compatibilityVersion = "Xcode 3.2";
			developmentRegion = English;
			hasScannedForEncodings = 0;
			knownRegions = (
				en,
				Base,
			);
			mainGroup = 6E0D36481CACF76400B875B2;
			productRefGroup = 6E0D36521CACF76400B875B2 /* Products */;
			projectDirPath = "";
			projectRoot = "";
			targets = (
				6E0D36501CACF76400B875B2 /* CBGeneralRefreshView */,
				6E0D36691CACF76400B875B2 /* CBGeneralRefreshViewTests */,
				6E0D36741CACF76400B875B2 /* CBGeneralRefreshViewUITests */,
			);
		};
/* End PBXProject section */

/* Begin PBXResourcesBuildPhase section */
		6E0D364F1CACF76400B875B2 /* Resources */ = {
			isa = PBXResourcesBuildPhase;
			buildActionMask = 2147483647;
			files = (
				6E0D36641CACF76400B875B2 /* LaunchScreen.storyboard in Resources */,
				6E0D36611CACF76400B875B2 /* Assets.xcassets in Resources */,
				6E0D365F1CACF76400B875B2 /* Main.storyboard in Resources */,
			);
			runOnlyForDeploymentPostprocessing = 0;
		};
		6E0D36681CACF76400B875B2 /* Resources */ = {
			isa = PBXResourcesBuildPhase;
			buildActionMask = 2147483647;
			files = (
			);
			runOnlyForDeploymentPostprocessing = 0;
		};
		6E0D36731CACF76400B875B2 /* Resources */ = {
			isa = PBXResourcesBuildPhase;
			buildActionMask = 2147483647;
			files = (
			);
			runOnlyForDeploymentPostprocessing = 0;
		};
/* End PBXResourcesBuildPhase section */

/* Begin PBXSourcesBuildPhase section */
		6E0D364D1CACF76400B875B2 /* Sources */ = {
			isa = PBXSourcesBuildPhase;
			buildActionMask = 2147483647;
			files = (
				6E66FD261CBA8A4700AB6785 /* CBRefreshHeaderView.m in Sources */,
				6E0D365C1CACF76400B875B2 /* ViewController.m in Sources */,
				6E66FD271CBA8A4700AB6785 /* UIScrollView+HeaderRefresh.m in Sources */,
				6E0D36591CACF76400B875B2 /* AppDelegate.m in Sources */,
				6E0D368D1CACF92200B875B2 /* FirstViewController.m in Sources */,
				6E0D36561CACF76400B875B2 /* main.m in Sources */,
				6EB59E611CBDF82C00B8B0D2 /* CBRefreshFooterView.m in Sources */,
				6EB59E5E1CBDF78B00B8B0D2 /* UIScrollView+FooterRefresh.m in Sources */,
			);
			runOnlyForDeploymentPostprocessing = 0;
		};
		6E0D36661CACF76400B875B2 /* Sources */ = {
			isa = PBXSourcesBuildPhase;
			buildActionMask = 2147483647;
			files = (
				6E0D366F1CACF76400B875B2 /* CBGeneralRefreshViewTests.m in Sources */,
			);
			runOnlyForDeploymentPostprocessing = 0;
		};
		6E0D36711CACF76400B875B2 /* Sources */ = {
			isa = PBXSourcesBuildPhase;
			buildActionMask = 2147483647;
			files = (
				6E0D367A1CACF76400B875B2 /* CBGeneralRefreshViewUITests.m in Sources */,
			);
			runOnlyForDeploymentPostprocessing = 0;
		};
/* End PBXSourcesBuildPhase section */

/* Begin PBXTargetDependency section */
		6E0D366C1CACF76400B875B2 /* PBXTargetDependency */ = {
			isa = PBXTargetDependency;
			target = 6E0D36501CACF76400B875B2 /* CBGeneralRefreshView */;
			targetProxy = 6E0D366B1CACF76400B875B2 /* PBXContainerItemProxy */;
		};
		6E0D36771CACF76400B875B2 /* PBXTargetDependency */ = {
			isa = PBXTargetDependency;
			target = 6E0D36501CACF76400B875B2 /* CBGeneralRefreshView */;
			targetProxy = 6E0D36761CACF76400B875B2 /* PBXContainerItemProxy */;
		};
/* End PBXTargetDependency section */

/* Begin PBXVariantGroup section */
		6E0D365D1CACF76400B875B2 /* Main.storyboard */ = {
			isa = PBXVariantGroup;
			children = (
				6E0D365E1CACF76400B875B2 /* Base */,
			);
			name = Main.storyboard;
			sourceTree = "<group>";
		};
		6E0D36621CACF76400B875B2 /* LaunchScreen.storyboard */ = {
			isa = PBXVariantGroup;
			children = (
				6E0D36631CACF76400B875B2 /* Base */,
			);
			name = LaunchScreen.storyboard;
			sourceTree = "<group>";
		};
/* End PBXVariantGroup section */

/* Begin XCBuildConfiguration section */
		6E0D367C1CACF76400B875B2 /* Debug */ = {
			isa = XCBuildConfiguration;
			buildSettings = {
				ALWAYS_SEARCH_USER_PATHS = NO;
				CLANG_CXX_LANGUAGE_STANDARD = "gnu++0x";
				CLANG_CXX_LIBRARY = "libc++";
				CLANG_ENABLE_MODULES = YES;
				CLANG_ENABLE_OBJC_ARC = YES;
				CLANG_WARN_BOOL_CONVERSION = YES;
				CLANG_WARN_CONSTANT_CONVERSION = YES;
				CLANG_WARN_DIRECT_OBJC_ISA_USAGE = YES_ERROR;
				CLANG_WARN_EMPTY_BODY = YES;
				CLANG_WARN_ENUM_CONVERSION = YES;
				CLANG_WARN_INT_CONVERSION = YES;
				CLANG_WARN_OBJC_ROOT_CLASS = YES_ERROR;
				CLANG_WARN_UNREACHABLE_CODE = YES;
				CLANG_WARN__DUPLICATE_METHOD_MATCH = YES;
				"CODE_SIGN_IDENTITY[sdk=iphoneos*]" = "iPhone Developer";
				COPY_PHASE_STRIP = NO;
				DEBUG_INFORMATION_FORMAT = dwarf;
				ENABLE_STRICT_OBJC_MSGSEND = YES;
				ENABLE_TESTABILITY = YES;
				GCC_C_LANGUAGE_STANDARD = gnu99;
				GCC_DYNAMIC_NO_PIC = NO;
				GCC_NO_COMMON_BLOCKS = YES;
				GCC_OPTIMIZATION_LEVEL = 0;
				GCC_PREPROCESSOR_DEFINITIONS = (
					"DEBUG=1",
					"$(inherited)",
				);
				GCC_WARN_64_TO_32_BIT_CONVERSION = YES;
				GCC_WARN_ABOUT_RETURN_TYPE = YES_ERROR;
				GCC_WARN_UNDECLARED_SELECTOR = YES;
				GCC_WARN_UNINITIALIZED_AUTOS = YES_AGGRESSIVE;
				GCC_WARN_UNUSED_FUNCTION = YES;
				GCC_WARN_UNUSED_VARIABLE = YES;
				IPHONEOS_DEPLOYMENT_TARGET = 9.1;
				MTL_ENABLE_DEBUG_INFO = YES;
				ONLY_ACTIVE_ARCH = YES;
				SDKROOT = iphoneos;
				TARGETED_DEVICE_FAMILY = "1,2";
			};
			name = Debug;
		};
		6E0D367D1CACF76400B875B2 /* Release */ = {
			isa = XCBuildConfiguration;
			buildSettings = {
				ALWAYS_SEARCH_USER_PATHS = NO;
				CLANG_CXX_LANGUAGE_STANDARD = "gnu++0x";
				CLANG_CXX_LIBRARY = "libc++";
				CLANG_ENABLE_MODULES = YES;
				CLANG_ENABLE_OBJC_ARC = YES;
				CLANG_WARN_BOOL_CONVERSION = YES;
				CLANG_WARN_CONSTANT_CONVERSION = YES;
				CLANG_WARN_DIRECT_OBJC_ISA_USAGE = YES_ERROR;
				CLANG_WARN_EMPTY_BODY = YES;
				CLANG_WARN_ENUM_CONVERSION = YES;
				CLANG_WARN_INT_CONVERSION = YES;
				CLANG_WARN_OBJC_ROOT_CLASS = YES_ERROR;
				CLANG_WARN_UNREACHABLE_CODE = YES;
				CLANG_WARN__DUPLICATE_METHOD_MATCH = YES;
				"CODE_SIGN_IDENTITY[sdk=iphoneos*]" = "iPhone Developer";
				COPY_PHASE_STRIP = NO;
				DEBUG_INFORMATION_FORMAT = "dwarf-with-dsym";
				ENABLE_NS_ASSERTIONS = NO;
				ENABLE_STRICT_OBJC_MSGSEND = YES;
				GCC_C_LANGUAGE_STANDARD = gnu99;
				GCC_NO_COMMON_BLOCKS = YES;
				GCC_WARN_64_TO_32_BIT_CONVERSION = YES;
				GCC_WARN_ABOUT_RETURN_TYPE = YES_ERROR;
				GCC_WARN_UNDECLARED_SELECTOR = YES;
				GCC_WARN_UNINITIALIZED_AUTOS = YES_AGGRESSIVE;
				GCC_WARN_UNUSED_FUNCTION = YES;
				GCC_WARN_UNUSED_VARIABLE = YES;
				IPHONEOS_DEPLOYMENT_TARGET = 9.1;
				MTL_ENABLE_DEBUG_INFO = NO;
				SDKROOT = iphoneos;
				TARGETED_DEVICE_FAMILY = "1,2";
				VALIDATE_PRODUCT = YES;
			};
			name = Release;
		};
		6E0D367F1CACF76400B875B2 /* Debug */ = {
			isa = XCBuildConfiguration;
			buildSettings = {
				ASSETCATALOG_COMPILER_APPICON_NAME = AppIcon;
				CODE_SIGN_IDENTITY = "iPhone Developer";
				"CODE_SIGN_IDENTITY[sdk=iphoneos*]" = "iPhone Developer";
				INFOPLIST_FILE = CBGeneralRefreshView/Info.plist;
				IPHONEOS_DEPLOYMENT_TARGET = 8.0;
				LD_RUNPATH_SEARCH_PATHS = "$(inherited) @executable_path/Frameworks";
				PRODUCT_BUNDLE_IDENTIFIER = com.JiRui.CBGeneralRefreshView;
				PRODUCT_NAME = "$(TARGET_NAME)";
				PROVISIONING_PROFILE = "";
			};
			name = Debug;
		};
		6E0D36801CACF76400B875B2 /* Release */ = {
			isa = XCBuildConfiguration;
			buildSettings = {
				ASSETCATALOG_COMPILER_APPICON_NAME = AppIcon;
				CODE_SIGN_IDENTITY = "iPhone Developer";
				"CODE_SIGN_IDENTITY[sdk=iphoneos*]" = "iPhone Developer";
				INFOPLIST_FILE = CBGeneralRefreshView/Info.plist;
				IPHONEOS_DEPLOYMENT_TARGET = 8.0;
				LD_RUNPATH_SEARCH_PATHS = "$(inherited) @executable_path/Frameworks";
				PRODUCT_BUNDLE_IDENTIFIER = com.JiRui.CBGeneralRefreshView;
				PRODUCT_NAME = "$(TARGET_NAME)";
				PROVISIONING_PROFILE = "";
			};
			name = Release;
		};
		6E0D36821CACF76400B875B2 /* Debug */ = {
			isa = XCBuildConfiguration;
			buildSettings = {
				BUNDLE_LOADER = "$(TEST_HOST)";
				INFOPLIST_FILE = CBGeneralRefreshViewTests/Info.plist;
				LD_RUNPATH_SEARCH_PATHS = "$(inherited) @executable_path/Frameworks @loader_path/Frameworks";
				PRODUCT_BUNDLE_IDENTIFIER = com.JiRui.CBGeneralRefreshViewTests;
				PRODUCT_NAME = "$(TARGET_NAME)";
				TEST_HOST = "$(BUILT_PRODUCTS_DIR)/CBGeneralRefreshView.app/CBGeneralRefreshView";
			};
			name = Debug;
		};
		6E0D36831CACF76400B875B2 /* Release */ = {
			isa = XCBuildConfiguration;
			buildSettings = {
				BUNDLE_LOADER = "$(TEST_HOST)";
				INFOPLIST_FILE = CBGeneralRefreshViewTests/Info.plist;
				LD_RUNPATH_SEARCH_PATHS = "$(inherited) @executable_path/Frameworks @loader_path/Frameworks";
				PRODUCT_BUNDLE_IDENTIFIER = com.JiRui.CBGeneralRefreshViewTests;
				PRODUCT_NAME = "$(TARGET_NAME)";
				TEST_HOST = "$(BUILT_PRODUCTS_DIR)/CBGeneralRefreshView.app/CBGeneralRefreshView";
			};
			name = Release;
		};
		6E0D36851CACF76400B875B2 /* Debug */ = {
			isa = XCBuildConfiguration;
			buildSettings = {
				INFOPLIST_FILE = CBGeneralRefreshViewUITests/Info.plist;
				LD_RUNPATH_SEARCH_PATHS = "$(inherited) @executable_path/Frameworks @loader_path/Frameworks";
				PRODUCT_BUNDLE_IDENTIFIER = com.JiRui.CBGeneralRefreshViewUITests;
				PRODUCT_NAME = "$(TARGET_NAME)";
				TEST_TARGET_NAME = CBGeneralRefreshView;
				USES_XCTRUNNER = YES;
			};
			name = Debug;
		};
		6E0D36861CACF76400B875B2 /* Release */ = {
			isa = XCBuildConfiguration;
			buildSettings = {
				INFOPLIST_FILE = CBGeneralRefreshViewUITests/Info.plist;
				LD_RUNPATH_SEARCH_PATHS = "$(inherited) @executable_path/Frameworks @loader_path/Frameworks";
				PRODUCT_BUNDLE_IDENTIFIER = com.JiRui.CBGeneralRefreshViewUITests;
				PRODUCT_NAME = "$(TARGET_NAME)";
				TEST_TARGET_NAME = CBGeneralRefreshView;
				USES_XCTRUNNER = YES;
			};
			name = Release;
		};
/* End XCBuildConfiguration section */

/* Begin XCConfigurationList section */
		6E0D364C1CACF76400B875B2 /* Build configuration list for PBXProject "CBGeneralRefreshView" */ = {
			isa = XCConfigurationList;
			buildConfigurations = (
				6E0D367C1CACF76400B875B2 /* Debug */,
				6E0D367D1CACF76400B875B2 /* Release */,
			);
			defaultConfigurationIsVisible = 0;
			defaultConfigurationName = Release;
		};
		6E0D367E1CACF76400B875B2 /* Build configuration list for PBXNativeTarget "CBGeneralRefreshView" */ = {
			isa = XCConfigurationList;
			buildConfigurations = (
				6E0D367F1CACF76400B875B2 /* Debug */,
				6E0D36801CACF76400B875B2 /* Release */,
			);
			defaultConfigurationIsVisible = 0;
			defaultConfigurationName = Release;
		};
		6E0D36811CACF76400B875B2 /* Build configuration list for PBXNativeTarget "CBGeneralRefreshViewTests" */ = {
			isa = XCConfigurationList;
			buildConfigurations = (
				6E0D36821CACF76400B875B2 /* Debug */,
				6E0D36831CACF76400B875B2 /* Release */,
			);
			defaultConfigurationIsVisible = 0;
			defaultConfigurationName = Release;
		};
		6E0D36841CACF76400B875B2 /* Build configuration list for PBXNativeTarget "CBGeneralRefreshViewUITests" */ = {
			isa = XCConfigurationList;
			buildConfigurations = (
				6E0D36851CACF76400B875B2 /* Debug */,
				6E0D36861CACF76400B875B2 /* Release */,
			);
			defaultConfigurationIsVisible = 0;
			defaultConfigurationName = Release;
		};
/* End XCConfigurationList section */
	};
	rootObject = 6E0D36491CACF76400B875B2 /* Project object */;
}
